
Microsoft Visual Studio Solution File, Format Version 12.00
# Visual Studio Version 17
VisualStudioVersion = 17.11.35327.3
MinimumVisualStudioVersion = 10.0.40219.1
Project("{9A19103F-16F7-4668-BE54-9A1E7A4F7556}") = "KSProject", "KSProject.csproj", "{044D0923-C439-4150-86C0-206BC12E505F}"
EndProject
Global
	GlobalSection(SolutionConfigurationPlatforms) = preSolution
		Debug|Any CPU = Debug|Any CPU
		Release|Any CPU = Release|Any CPU
	EndGlobalSection
	GlobalSection(ProjectConfigurationPlatforms) = postSolution
		{044D0923-C439-4150-86C0-206BC12E505F}.Debug|Any CPU.ActiveCfg = Debug|Any CPU
		{044D0923-C439-4150-86C0-206BC12E505F}.Debug|Any CPU.Build.0 = Debug|Any CPU
		{044D0923-C439-4150-86C0-206BC12E505F}.Release|Any CPU.ActiveCfg = Release|Any CPU
		{044D0923-C439-4150-86C0-206BC12E505F}.Release|Any CPU.Build.0 = Release|Any CPU
	EndGlobalSection
	GlobalSection(SolutionProperties) = preSolution
		HideSolutionNode = FALSE
	EndGlobalSection
	GlobalSection(ExtensibilityGlobals) = postSolution
		SolutionGuid = {227DE410-C037-4007-BDD0-8396A1C0B429}
	EndGlobalSection
EndGlobal
